<?xml version="1.0" encoding="utf-8"?>
<Project ToolsVersion="4.0" xmlns="http://schemas.microsoft.com/developer/msbuild/2003">
  <ItemGroup>
    <Filter Include="Source Files">
      <UniqueIdentifier>{4FC737F1-C7A5-4376-A066-2A32D752A2FF}</UniqueIdentifier>
      <Extensions>cpp;c;cc;cxx;c++;cppm;ixx;def;odl;idl;hpj;bat;asm;asmx</Extensions>
    </Filter>
    <Filter Include="Header Files">
      <UniqueIdentifier>{93995380-89BD-4b04-88EB-625FBE52EBFB}</UniqueIdentifier>
      <Extensions>h;hh;hpp;hxx;h++;hm;inl;inc;ipp;xsd</Extensions>
    </Filter>
    <Filter Include="Resource Files">
      <UniqueIdentifier>{67DA6AB6-F800-4c08-8B7A-83BB121AAD01}</UniqueIdentifier>
      <Extensions>rc;ico;cur;bmp;dlg;rc2;rct;bin;rgs;gif;jpg;jpeg;jpe;resx;tiff;tif;png;wav;mfcribbon-ms</Extensions>
    </Filter>
    <Filter Include="Source Files\engine">
      <UniqueIdentifier>{42e59e0f-5952-42d5-860a-3290c63653ec}</UniqueIdentifier>
    </Filter>
    <Filter Include="Source Files\engine\renderer">
      <UniqueIdentifier>{32feae98-1073-4810-9cfc-052e1f6098a5}</UniqueIdentifier>
    </Filter>
    <Filter Include="Source Files\external">
      <UniqueIdentifier>{80906f99-cebc-45f1-af7d-f2994fc1dd88}</UniqueIdentifier>
    </Filter>
    <Filter Include="Source Files\external\glad">
      <UniqueIdentifier>{1a7ef4ee-c3e4-49f9-bd9a-4fccb78ab60e}</UniqueIdentifier>
    </Filter>
    <Filter Include="Source Files\engine\backend">
      <UniqueIdentifier>{5bb71ae4-ddfc-40ab-999c-ad33e4bb9348}</UniqueIdentifier>
    </Filter>
  </ItemGroup>
  <ItemGroup>
    <ClCompile Include="..\..\src\engine\renderer\OGLRenderer.cpp">
      <Filter>Source Files\engine\renderer</Filter>
    </ClCompile>
    <ClCompile Include="..\..\src\engine\renderer\RendererInit.cpp">
      <Filter>Source Files\engine\renderer</Filter>
    </ClCompile>
    <ClCompile Include="..\..\src\main.cpp">
      <Filter>Source Files</Filter>
    </ClCompile>
    <ClCompile Include="..\..\external\glad\glad.c">
      <Filter>Source Files\external\glad</Filter>
    </ClCompile>
    <ClCompile Include="..\..\src\engine\backend\CommandArgs.cpp">
      <Filter>Source Files\engine\backend</Filter>
    </ClCompile>
    <ClCompile Include="..\..\src\engine\renderer\ModelRenderer.cpp">
      <Filter>Source Files\engine\renderer</Filter>
    </ClCompile>
    <ClCompile Include="..\..\src\engine\renderer\Shader.cpp">
      <Filter>Source Files\engine\renderer</Filter>
    </ClCompile>
    <ClCompile Include="..\..\src\engine\backend\OBJLoader.cpp">
      <Filter>Source Files\engine\backend</Filter>
    </ClCompile>
    <ClCompile Include="..\..\src\engine\renderer\DX9Renderer.cpp">
      <Filter>Source Files\engine\renderer</Filter>
    </ClCompile>
  </ItemGroup>
</Project>